
Microsoft Visual Studio Solution File, Format Version 12.00
# Visual Studio Version 17
VisualStudioVersion = 17.8.34004.107
MinimumVisualStudioVersion = 10.0.40219.1
Project("{FAE04EC0-301F-11D3-BF4B-00C04F79EFBC}") = "QUANLYGARAGE", "QUANLYGARAGE\QUANLYGARAGE.csproj", "{14189DB6-68AC-4108-B02A-7B3C14E86457}"
EndProject
Project("{54435603-DBB4-11D2-8724-00A0C9A8B90C}") = "Setup1", "Setup1\Setup1.vdproj", "{E130D1CE-2795-42C1-8813-E8BDAA4FB08A}"
EndProject
Global
	GlobalSection(SolutionConfigurationPlatforms) = preSolution
		Debug|Any CPU = Debug|Any CPU
		Release|Any CPU = Release|Any CPU
	EndGlobalSection
	GlobalSection(ProjectConfigurationPlatforms) = postSolution
		{14189DB6-68AC-4108-B02A-7B3C14E86457}.Debug|Any CPU.ActiveCfg = Debug|Any CPU
		{14189DB6-68AC-4108-B02A-7B3C14E86457}.Debug|Any CPU.Build.0 = Debug|Any CPU
		{14189DB6-68AC-4108-B02A-7B3C14E86457}.Release|Any CPU.ActiveCfg = Release|Any CPU
		{14189DB6-68AC-4108-B02A-7B3C14E86457}.Release|Any CPU.Build.0 = Release|Any CPU
		{E130D1CE-2795-42C1-8813-E8BDAA4FB08A}.Debug|Any CPU.ActiveCfg = Debug
		{E130D1CE-2795-42C1-8813-E8BDAA4FB08A}.Release|Any CPU.ActiveCfg = Release
	EndGlobalSection
	GlobalSection(SolutionProperties) = preSolution
		HideSolutionNode = FALSE
	EndGlobalSection
	GlobalSection(ExtensibilityGlobals) = postSolution
		SolutionGuid = {552E1D1B-5F69-41A6-A869-D394B7C927C6}
	EndGlobalSection
EndGlobal
